
Microsoft Visual Studio Solution File, Format Version 12.00
# Visual Studio Version 16
VisualStudioVersion = 16.0.32802.440
MinimumVisualStudioVersion = 10.0.40219.1
Project("{FAE04EC0-301F-11D3-BF4B-00C04F79EFBC}") = "VRText", "VRtext\VRText.csproj", "{2884936A-DDB5-4661-A8D1-6D7F8CC4AE0F}"
EndProject
Global
	GlobalSection(SolutionConfigurationPlatforms) = preSolution
		Debug|Any CPU = Debug|Any CPU
		Release|Any CPU = Release|Any CPU
	EndGlobalSection
	GlobalSection(ProjectConfigurationPlatforms) = postSolution
		{2884936A-DDB5-4661-A8D1-6D7F8CC4AE0F}.Debug|Any CPU.ActiveCfg = Debug|Any CPU
		{2884936A-DDB5-4661-A8D1-6D7F8CC4AE0F}.Debug|Any CPU.Build.0 = Debug|Any CPU
		{2884936A-DDB5-4661-A8D1-6D7F8CC4AE0F}.Release|Any CPU.ActiveCfg = Release|Any CPU
		{2884936A-DDB5-4661-A8D1-6D7F8CC4AE0F}.Release|Any CPU.Build.0 = Release|Any CPU
	EndGlobalSection
	GlobalSection(SolutionProperties) = preSolution
		HideSolutionNode = FALSE
	EndGlobalSection
	GlobalSection(ExtensibilityGlobals) = postSolution
		SolutionGuid = {9A50D36A-DAF5-4C7E-8C1F-F90B32A33FC5}
	EndGlobalSection
EndGlobal
